
Microsoft Visual Studio Solution File, Format Version 12.00
# Visual Studio Version 17
VisualStudioVersion = 17.1.32319.34
MinimumVisualStudioVersion = 10.0.40219.1
Project("{FAE04EC0-301F-11D3-BF4B-00C04F79EFBC}") = "ByteBank.SistemaInterno", "ByteBank.SistemaInterno\ByteBank.SistemaInterno.csproj", "{E18E6D99-CF16-4EE5-9C4E-D6585E214879}"
EndProject
Global
	GlobalSection(SolutionConfigurationPlatforms) = preSolution
		Debug|Any CPU = Debug|Any CPU
		Release|Any CPU = Release|Any CPU
	EndGlobalSection
	GlobalSection(ProjectConfigurationPlatforms) = postSolution
		{E18E6D99-CF16-4EE5-9C4E-D6585E214879}.Debug|Any CPU.ActiveCfg = Debug|Any CPU
		{E18E6D99-CF16-4EE5-9C4E-D6585E214879}.Debug|Any CPU.Build.0 = Debug|Any CPU
		{E18E6D99-CF16-4EE5-9C4E-D6585E214879}.Release|Any CPU.ActiveCfg = Release|Any CPU
		{E18E6D99-CF16-4EE5-9C4E-D6585E214879}.Release|Any CPU.Build.0 = Release|Any CPU
	EndGlobalSection
	GlobalSection(SolutionProperties) = preSolution
		HideSolutionNode = FALSE
	EndGlobalSection
	GlobalSection(ExtensibilityGlobals) = postSolution
		SolutionGuid = {7514D81B-6151-4ED5-99A0-FE4129D36CB3}
	EndGlobalSection
EndGlobal
